
Microsoft Visual Studio Solution File, Format Version 12.00
# Visual Studio Version 17
VisualStudioVersion = 17.5.33627.172
MinimumVisualStudioVersion = 10.0.40219.1
Project("{FAE04EC0-301F-11D3-BF4B-00C04F79EFBC}") = "TodoList.Mvc", "TodoList\TodoList.Mvc.csproj", "{3DA93E82-6C96-4FD5-87CD-884955CF1020}"
EndProject
Project("{FAE04EC0-301F-11D3-BF4B-00C04F79EFBC}") = "TodoList.Domain", "TodoList.Domain\TodoList.Domain.csproj", "{148E9402-64DE-46E7-AEA6-E1D62262952D}"
EndProject
Global
	GlobalSection(SolutionConfigurationPlatforms) = preSolution
		Debug|Any CPU = Debug|Any CPU
		Release|Any CPU = Release|Any CPU
	EndGlobalSection
	GlobalSection(ProjectConfigurationPlatforms) = postSolution
		{3DA93E82-6C96-4FD5-87CD-884955CF1020}.Debug|Any CPU.ActiveCfg = Debug|Any CPU
		{3DA93E82-6C96-4FD5-87CD-884955CF1020}.Debug|Any CPU.Build.0 = Debug|Any CPU
		{3DA93E82-6C96-4FD5-87CD-884955CF1020}.Release|Any CPU.ActiveCfg = Release|Any CPU
		{3DA93E82-6C96-4FD5-87CD-884955CF1020}.Release|Any CPU.Build.0 = Release|Any CPU
		{148E9402-64DE-46E7-AEA6-E1D62262952D}.Debug|Any CPU.ActiveCfg = Debug|Any CPU
		{148E9402-64DE-46E7-AEA6-E1D62262952D}.Debug|Any CPU.Build.0 = Debug|Any CPU
		{148E9402-64DE-46E7-AEA6-E1D62262952D}.Release|Any CPU.ActiveCfg = Release|Any CPU
		{148E9402-64DE-46E7-AEA6-E1D62262952D}.Release|Any CPU.Build.0 = Release|Any CPU
	EndGlobalSection
	GlobalSection(SolutionProperties) = preSolution
		HideSolutionNode = FALSE
	EndGlobalSection
	GlobalSection(ExtensibilityGlobals) = postSolution
		SolutionGuid = {2D400F83-5A00-49ED-A106-AB0F3E73E09A}
	EndGlobalSection
EndGlobal
